Microsoft Visual Studio Solution File, Format Version 12.00
# Visual Studio Version 17
VisualStudioVersion = 17.5.2.0
MinimumVisualStudioVersion = 10.0.40219.1
Project("{FAE04EC0-301F-11D3-BF4B-00C04F79EFBC}") = "quiz_test", "backend/quiz_test.csproj", "{66C08701-BDBF-9648-C7A9-CC7E6005EF4E}"
EndProject
Global
	GlobalSection(SolutionConfigurationPlatforms) = preSolution
		Debug|Any CPU = Debug|Any CPU
		Release|Any CPU = Release|Any CPU
	EndGlobalSection
	GlobalSection(ProjectConfigurationPlatforms) = postSolution
		{66C08701-BDBF-9648-C7A9-CC7E6005EF4E}.Debug|Any CPU.ActiveCfg = Debug|Any CPU
		{66C08701-BDBF-9648-C7A9-CC7E6005EF4E}.Debug|Any CPU.Build.0 = Debug|Any CPU
		{66C08701-BDBF-9648-C7A9-CC7E6005EF4E}.Release|Any CPU.ActiveCfg = Release|Any CPU
		{66C08701-BDBF-9648-C7A9-CC7E6005EF4E}.Release|Any CPU.Build.0 = Release|Any CPU
	EndGlobalSection
	GlobalSection(SolutionProperties) = preSolution
		HideSolutionNode = FALSE
	EndGlobalSection
	GlobalSection(ExtensibilityGlobals) = postSolution
		SolutionGuid = {20FB7481-FC8F-4667-AFD5-E2ECBE44ED11}
	EndGlobalSection
EndGlobal
